// !$*UTF8*$!
{
	archiveVersion = 1;
	classes = {
	};
	objectVersion = 56;
	objects = {

/* Begin PBXBuildFile section */
		CC000001 /* RokidPrivateTtsKitApp.swift in Sources */ = {isa = PBXBuildFile; fileRef = CC100001 /* RokidPrivateTtsKitApp.swift */; };
		CC000002 /* TtsEngine.swift in Sources */ = {isa = PBXBuildFile; fileRef = CC100002 /* TtsEngine.swift */; };
		CC000003 /* VoiceRegistry.swift in Sources */ = {isa = PBXBuildFile; fileRef = CC100003 /* VoiceRegistry.swift */; };
		CC000004 /* TtsNetworkServer.swift in Sources */ = {isa = PBXBuildFile; fileRef = CC100004 /* TtsNetworkServer.swift */; };
		CC000005 /* TtsViewModel.swift in Sources */ = {isa = PBXBuildFile; fileRef = CC100005 /* TtsViewModel.swift */; };
		CC000006 /* ContentView.swift in Sources */ = {isa = PBXBuildFile; fileRef = CC100006 /* ContentView.swift */; };
		CC000007 /* TtsView.swift in Sources */ = {isa = PBXBuildFile; fileRef = CC100007 /* TtsView.swift */; };
		CC000008 /* VoicePickerView.swift in Sources */ = {isa = PBXBuildFile; fileRef = CC100008 /* VoicePickerView.swift */; };
		CC000009 /* NetworkView.swift in Sources */ = {isa = PBXBuildFile; fileRef = CC100009 /* NetworkView.swift */; };
/* End PBXBuildFile section */

/* Begin PBXFileReference section */
		CC100001 /* RokidPrivateTtsKitApp.swift */ = {isa = PBXFileReference; lastKnownFileType = sourcecode.swift; path = RokidPrivateTtsKitApp.swift; sourceTree = "<group>"; };
		CC100002 /* TtsEngine.swift */ = {isa = PBXFileReference; lastKnownFileType = sourcecode.swift; path = TtsEngine.swift; sourceTree = "<group>"; };
		CC100003 /* VoiceRegistry.swift */ = {isa = PBXFileReference; lastKnownFileType = sourcecode.swift; path = VoiceRegistry.swift; sourceTree = "<group>"; };
		CC100004 /* TtsNetworkServer.swift */ = {isa = PBXFileReference; lastKnownFileType = sourcecode.swift; path = TtsNetworkServer.swift; sourceTree = "<group>"; };
		CC100005 /* TtsViewModel.swift */ = {isa = PBXFileReference; lastKnownFileType = sourcecode.swift; path = TtsViewModel.swift; sourceTree = "<group>"; };
		CC100006 /* ContentView.swift */ = {isa = PBXFileReference; lastKnownFileType = sourcecode.swift; path = ContentView.swift; sourceTree = "<group>"; };
		CC100007 /* TtsView.swift */ = {isa = PBXFileReference; lastKnownFileType = sourcecode.swift; path = TtsView.swift; sourceTree = "<group>"; };
		CC100008 /* VoicePickerView.swift */ = {isa = PBXFileReference; lastKnownFileType = sourcecode.swift; path = VoicePickerView.swift; sourceTree = "<group>"; };
		CC100009 /* NetworkView.swift */ = {isa = PBXFileReference; lastKnownFileType = sourcecode.swift; path = NetworkView.swift; sourceTree = "<group>"; };
		CC100017 /* Info.plist */ = {isa = PBXFileReference; lastKnownFileType = text.plist.xml; path = Info.plist; sourceTree = "<group>"; };
		CCPROD001 /* RokidPrivateTtsKit.app */ = {isa = PBXFileReference; explicitFileType = wrapper.application; includeInIndex = 0; path = RokidPrivateTtsKit.app; sourceTree = BUILT_PRODUCTS_DIR; };
/* End PBXFileReference section */

/* Begin PBXFrameworksBuildPhase section */
		CCBP0001 /* Frameworks */ = {
			isa = PBXFrameworksBuildPhase;
			buildActionMask = 2147483647;
			files = ();
			runOnlyForDeploymentPostprocessing = 0;
		};
/* End PBXFrameworksBuildPhase section */

/* Begin PBXGroup section */
		CCGRP0000 /* RokidPrivateTtsKit */ = {
			isa = PBXGroup;
			children = (
				CC100001 /* RokidPrivateTtsKitApp.swift */,
				CC100017 /* Info.plist */,
				CCGRP0001 /* TTS */,
				CCGRP0002 /* Network */,
				CCGRP0003 /* ViewModel */,
				CCGRP0004 /* UI */,
			);
			path = RokidPrivateTtsKit;
			sourceTree = "<group>";
		};
		CCGRP0001 /* TTS */ = {
			isa = PBXGroup;
			children = (
				CC100002 /* TtsEngine.swift */,
				CC100003 /* VoiceRegistry.swift */,
			);
			path = TTS;
			sourceTree = "<group>";
		};
		CCGRP0002 /* Network */ = {
			isa = PBXGroup;
			children = (
				CC100004 /* TtsNetworkServer.swift */,
			);
			path = Network;
			sourceTree = "<group>";
		};
		CCGRP0003 /* ViewModel */ = {
			isa = PBXGroup;
			children = (
				CC100005 /* TtsViewModel.swift */,
			);
			path = ViewModel;
			sourceTree = "<group>";
		};
		CCGRP0004 /* UI */ = {
			isa = PBXGroup;
			children = (
				CC100006 /* ContentView.swift */,
				CC100007 /* TtsView.swift */,
				CC100008 /* VoicePickerView.swift */,
				CC100009 /* NetworkView.swift */,
			);
			path = UI;
			sourceTree = "<group>";
		};
		CCROOT000 = {
			isa = PBXGroup;
			children = (
				CCGRP0000 /* RokidPrivateTtsKit */,
				CCPROD000 /* Products */,
			);
			sourceTree = "<group>";
		};
		CCPROD000 /* Products */ = {
			isa = PBXGroup;
			children = (
				CCPROD001 /* RokidPrivateTtsKit.app */,
			);
			name = Products;
			sourceTree = "<group>";
		};
/* End PBXGroup section */

/* Begin PBXNativeTarget section */
		CCTGT0001 /* RokidPrivateTtsKit */ = {
			isa = PBXNativeTarget;
			buildConfigurationList = CCCFG0001 /* Build configuration list for PBXNativeTarget "RokidPrivateTtsKit" */;
			buildPhases = (
				CCBP0000 /* Sources */,
				CCBP0001 /* Frameworks */,
				CCBP0002 /* Resources */,
			);
			buildRules = ();
			dependencies = ();
			name = RokidPrivateTtsKit;
			productName = RokidPrivateTtsKit;
			productReference = CCPROD001 /* RokidPrivateTtsKit.app */;
			productType = "com.apple.product-type.application";
		};
/* End PBXNativeTarget section */

/* Begin PBXProject section */
		CCPROJ001 /* Project object */ = {
			isa = PBXProject;
			attributes = {
				BuildIndependentTargetsInParallel = 1;
				LastSwiftUpdateCheck = 1500;
				LastUpgradeCheck = 1500;
				TargetAttributes = {
					CCTGT0001 = {
						CreatedOnToolsVersion = 15.0;
					};
				};
			};
			buildConfigurationList = CCCFG0000 /* Build configuration list for PBXProject "RokidPrivateTtsKit" */;
			compatibilityVersion = "Xcode 14.0";
			developmentRegion = en;
			hasScannedForEncodings = 0;
			knownRegions = (
				en,
				Base,
			);
			mainGroup = CCROOT000;
			productRefGroup = CCPROD000 /* Products */;
			projectDirPath = "";
			projectRoot = "";
			targets = (
				CCTGT0001 /* RokidPrivateTtsKit */,
			);
		};
/* End PBXProject section */

/* Begin PBXResourcesBuildPhase section */
		CCBP0002 /* Resources */ = {
			isa = PBXResourcesBuildPhase;
			buildActionMask = 2147483647;
			files = ();
			runOnlyForDeploymentPostprocessing = 0;
		};
/* End PBXResourcesBuildPhase section */

/* Begin PBXSourcesBuildPhase section */
		CCBP0000 /* Sources */ = {
			isa = PBXSourcesBuildPhase;
			buildActionMask = 2147483647;
			files = (
				CC000001 /* RokidPrivateTtsKitApp.swift in Sources */,
				CC000002 /* TtsEngine.swift in Sources */,
				CC000003 /* VoiceRegistry.swift in Sources */,
				CC000004 /* TtsNetworkServer.swift in Sources */,
				CC000005 /* TtsViewModel.swift in Sources */,
				CC000006 /* ContentView.swift in Sources */,
				CC000007 /* TtsView.swift in Sources */,
				CC000008 /* VoicePickerView.swift in Sources */,
				CC000009 /* NetworkView.swift in Sources */,
			);
			runOnlyForDeploymentPostprocessing = 0;
		};
/* End PBXSourcesBuildPhase section */

/* Begin XCBuildConfiguration section */
		CCCFG0010 /* Debug */ = {
			isa = XCBuildConfiguration;
			buildSettings = {
				ALWAYS_SEARCH_USER_PATHS = NO;
				CLANG_ANALYZER_NONNULL = YES;
				CLANG_ENABLE_MODULES = YES;
				CLANG_ENABLE_OBJC_ARC = YES;
				CLANG_ENABLE_OBJC_WEAK = YES;
				COPY_PHASE_STRIP = NO;
				DEBUG_INFORMATION_FORMAT = dwarf;
				ENABLE_STRICT_OBJC_MSGSEND = YES;
				ENABLE_TESTABILITY = YES;
				GCC_C_LANGUAGE_STANDARD = gnu17;
				GCC_DYNAMIC_NO_PIC = NO;
				GCC_NO_COMMON_BLOCKS = YES;
				GCC_OPTIMIZATION_LEVEL = 0;
				GCC_PREPROCESSOR_DEFINITIONS = (
					"DEBUG=1",
					"$(inherited)",
				);
				GCC_WARN_ABOUT_RETURN_TYPE = YES_ERROR;
				GCC_WARN_UNUSED_VARIABLE = YES;
				IPHONEOS_DEPLOYMENT_TARGET = 16.0;
				ONLY_ACTIVE_ARCH = YES;
				SDKROOT = iphoneos;
				SWIFT_ACTIVE_COMPILATION_CONDITIONS = DEBUG;
				SWIFT_OPTIMIZATION_LEVEL = "-Onone";
			};
			name = Debug;
		};
		CCCFG0011 /* Release */ = {
			isa = XCBuildConfiguration;
			buildSettings = {
				ALWAYS_SEARCH_USER_PATHS = NO;
				CLANG_ANALYZER_NONNULL = YES;
				CLANG_ENABLE_MODULES = YES;
				CLANG_ENABLE_OBJC_ARC = YES;
				CLANG_ENABLE_OBJC_WEAK = YES;
				COPY_PHASE_STRIP = NO;
				DEBUG_INFORMATION_FORMAT = "dwarf-with-dsym";
				ENABLE_NS_ASSERTIONS = NO;
				ENABLE_STRICT_OBJC_MSGSEND = YES;
				GCC_C_LANGUAGE_STANDARD = gnu17;
				GCC_NO_COMMON_BLOCKS = YES;
				GCC_WARN_ABOUT_RETURN_TYPE = YES_ERROR;
				GCC_WARN_UNUSED_VARIABLE = YES;
				IPHONEOS_DEPLOYMENT_TARGET = 16.0;
				SDKROOT = iphoneos;
				SWIFT_COMPILATION_MODE = wholemodule;
				SWIFT_OPTIMIZATION_LEVEL = "-O";
				VALIDATE_PRODUCT = YES;
			};
			name = Release;
		};
		CCCFG0020 /* Debug */ = {
			isa = XCBuildConfiguration;
			buildSettings = {
				CODE_SIGN_STYLE = Automatic;
				CURRENT_PROJECT_VERSION = 1;
				ENABLE_PREVIEWS = YES;
				GENERATE_INFOPLIST_FILE = NO;
				INFOPLIST_FILE = RokidPrivateTtsKit/Info.plist;
				IPHONEOS_DEPLOYMENT_TARGET = 16.0;
				LD_RUNPATH_SEARCH_PATHS = (
					"$(inherited)",
					"@executable_path/Frameworks",
				);
				MARKETING_VERSION = 1.0;
				PRODUCT_BUNDLE_IDENTIFIER = io.github.bzerk.rokidprivatetts.ios;
				PRODUCT_NAME = "$(TARGET_NAME)";
				SWIFT_EMIT_LOC_STRINGS = YES;
				SWIFT_VERSION = 5.0;
				TARGETED_DEVICE_FAMILY = "1,2";
			};
			name = Debug;
		};
		CCCFG0021 /* Release */ = {
			isa = XCBuildConfiguration;
			buildSettings = {
				CODE_SIGN_STYLE = Automatic;
				CURRENT_PROJECT_VERSION = 1;
				ENABLE_PREVIEWS = YES;
				GENERATE_INFOPLIST_FILE = NO;
				INFOPLIST_FILE = RokidPrivateTtsKit/Info.plist;
				IPHONEOS_DEPLOYMENT_TARGET = 16.0;
				LD_RUNPATH_SEARCH_PATHS = (
					"$(inherited)",
					"@executable_path/Frameworks",
				);
				MARKETING_VERSION = 1.0;
				PRODUCT_BUNDLE_IDENTIFIER = io.github.bzerk.rokidprivatetts.ios;
				PRODUCT_NAME = "$(TARGET_NAME)";
				SWIFT_EMIT_LOC_STRINGS = YES;
				SWIFT_VERSION = 5.0;
				TARGETED_DEVICE_FAMILY = "1,2";
			};
			name = Release;
		};
/* End XCBuildConfiguration section */

/* Begin XCConfigurationList section */
		CCCFG0000 /* Build configuration list for PBXProject "RokidPrivateTtsKit" */ = {
			isa = XCConfigurationList;
			buildConfigurations = (
				CCCFG0010 /* Debug */,
				CCCFG0011 /* Release */,
			);
			defaultConfigurationIsVisible = 0;
			defaultConfigurationName = Release;
		};
		CCCFG0001 /* Build configuration list for PBXNativeTarget "RokidPrivateTtsKit" */ = {
			isa = XCConfigurationList;
			buildConfigurations = (
				CCCFG0020 /* Debug */,
				CCCFG0021 /* Release */,
			);
			defaultConfigurationIsVisible = 0;
			defaultConfigurationName = Release;
		};
/* End XCConfigurationList section */

	};
	rootObject = CCPROJ001 /* Project object */;
}
